
Microsoft Visual Studio Solution File, Format Version 12.00
# Visual Studio Version 17
VisualStudioVersion = 17.8.34525.116
MinimumVisualStudioVersion = 10.0.40219.1
Project("{9A19103F-16F7-4668-BE54-9A1E7A4F7556}") = "Spoleto.DataBus.Interfaces", "src\Spoleto.DataBus.Interfaces\Spoleto.DataBus.Interfaces.csproj", "{D18178F5-DCA9-4896-BDB8-BE008EC3CA3A}"
EndProject
Project("{2150E333-8FDC-42A3-9474-1A3956D46DE8}") = "Solution Items", "Solution Items", "{07E7A11B-5F3B-4902-BA63-CD36C3CE6D51}"
	ProjectSection(SolutionItems) = preProject
		.editorconfig = .editorconfig
		src\Directory.Build.props = src\Directory.Build.props
		LICENSE = LICENSE
		publish-assets-to-github.sh = publish-assets-to-github.sh
		README.md = README.md
	EndProjectSection
EndProject
Project("{2150E333-8FDC-42A3-9474-1A3956D46DE8}") = "GitHub Actions", "GitHub Actions", "{150282B2-040D-49C7-8126-8054F53060FA}"
	ProjectSection(SolutionItems) = preProject
		.github\workflows\cd.yml = .github\workflows\cd.yml
		.github\workflows\ci.yml = .github\workflows\ci.yml
	EndProjectSection
EndProject
Project("{2150E333-8FDC-42A3-9474-1A3956D46DE8}") = "Connectors", "Connectors", "{338F16EF-5433-4AE6-8E8B-061295541B48}"
EndProject
Project("{9A19103F-16F7-4668-BE54-9A1E7A4F7556}") = "Spoleto.DataBus.SMS", "src\Connectors\SMS\Spoleto.DataBus.SMS\Spoleto.DataBus.SMS.csproj", "{2DE7D800-2FDA-4F33-9240-902E11D508E8}"
EndProject
Project("{FAE04EC0-301F-11D3-BF4B-00C04F79EFBC}") = "Spoleto.DataBus.SMS.Interfaces", "src\Connectors\SMS\Spoleto.DataBus.SMS.Interfaces\Spoleto.DataBus.SMS.Interfaces.csproj", "{A72F6925-6D63-4B4C-8247-7CBD4F35F4C9}"
EndProject
Project("{2150E333-8FDC-42A3-9474-1A3956D46DE8}") = "SMS", "SMS", "{FB438BCA-16DA-469B-9D1E-4E87FFB17432}"
EndProject
Global
	GlobalSection(SolutionConfigurationPlatforms) = preSolution
		Debug|Any CPU = Debug|Any CPU
		Release|Any CPU = Release|Any CPU
	EndGlobalSection
	GlobalSection(ProjectConfigurationPlatforms) = postSolution
		{D18178F5-DCA9-4896-BDB8-BE008EC3CA3A}.Debug|Any CPU.ActiveCfg = Debug|Any CPU
		{D18178F5-DCA9-4896-BDB8-BE008EC3CA3A}.Debug|Any CPU.Build.0 = Debug|Any CPU
		{D18178F5-DCA9-4896-BDB8-BE008EC3CA3A}.Release|Any CPU.ActiveCfg = Release|Any CPU
		{D18178F5-DCA9-4896-BDB8-BE008EC3CA3A}.Release|Any CPU.Build.0 = Release|Any CPU
		{2DE7D800-2FDA-4F33-9240-902E11D508E8}.Debug|Any CPU.ActiveCfg = Debug|Any CPU
		{2DE7D800-2FDA-4F33-9240-902E11D508E8}.Debug|Any CPU.Build.0 = Debug|Any CPU
		{2DE7D800-2FDA-4F33-9240-902E11D508E8}.Release|Any CPU.ActiveCfg = Release|Any CPU
		{2DE7D800-2FDA-4F33-9240-902E11D508E8}.Release|Any CPU.Build.0 = Release|Any CPU
		{A72F6925-6D63-4B4C-8247-7CBD4F35F4C9}.Debug|Any CPU.ActiveCfg = Debug|Any CPU
		{A72F6925-6D63-4B4C-8247-7CBD4F35F4C9}.Debug|Any CPU.Build.0 = Debug|Any CPU
		{A72F6925-6D63-4B4C-8247-7CBD4F35F4C9}.Release|Any CPU.ActiveCfg = Release|Any CPU
		{A72F6925-6D63-4B4C-8247-7CBD4F35F4C9}.Release|Any CPU.Build.0 = Release|Any CPU
	EndGlobalSection
	GlobalSection(SolutionProperties) = preSolution
		HideSolutionNode = FALSE
	EndGlobalSection
	GlobalSection(NestedProjects) = preSolution
		{2DE7D800-2FDA-4F33-9240-902E11D508E8} = {FB438BCA-16DA-469B-9D1E-4E87FFB17432}
		{A72F6925-6D63-4B4C-8247-7CBD4F35F4C9} = {FB438BCA-16DA-469B-9D1E-4E87FFB17432}
		{FB438BCA-16DA-469B-9D1E-4E87FFB17432} = {338F16EF-5433-4AE6-8E8B-061295541B48}
	EndGlobalSection
	GlobalSection(ExtensibilityGlobals) = postSolution
		SolutionGuid = {AD8D33F0-4E2A-4506-99E5-43D5F85B3738}
	EndGlobalSection
EndGlobal
